// !$*UTF8*$!
{
	archiveVersion = 1;
	classes = {
	};
	objectVersion = 50;
	objects = {

/* Begin PBXBuildFile section */
		E2465640230DB56900D06936 /* AppDelegate.swift in Sources */ = {isa = PBXBuildFile; fileRef = E246563F230DB56900D06936 /* AppDelegate.swift */; };
		E2465642230DB56A00D06936 /* ViewController.swift in Sources */ = {isa = PBXBuildFile; fileRef = E2465641230DB56A00D06936 /* ViewController.swift */; };
		E2465645230DB56A00D06936 /* Main.storyboard in Resources */ = {isa = PBXBuildFile; fileRef = E2465643230DB56A00D06936 /* Main.storyboard */; };
		E2465648230DB56A00D06936 /* SimpleTestGit.xcdatamodeld in Sources */ = {isa = PBXBuildFile; fileRef = E2465646230DB56A00D06936 /* SimpleTestGit.xcdatamodeld */; };
		E246564A230DB56B00D06936 /* Assets.xcassets in Resources */ = {isa = PBXBuildFile; fileRef = E2465649230DB56B00D06936 /* Assets.xcassets */; };
		E246564D230DB56B00D06936 /* LaunchScreen.storyboard in Resources */ = {isa = PBXBuildFile; fileRef = E246564B230DB56B00D06936 /* LaunchScreen.storyboard */; };
		E2465658230DB56B00D06936 /* SimpleTestGitTests.swift in Sources */ = {isa = PBXBuildFile; fileRef = E2465657230DB56B00D06936 /* SimpleTestGitTests.swift */; };
		E2465663230DB56B00D06936 /* SimpleTestGitUITests.swift in Sources */ = {isa = PBXBuildFile; fileRef = E2465662230DB56B00D06936 /* SimpleTestGitUITests.swift */; };
/* End PBXBuildFile section */

/* Begin PBXContainerItemProxy section */
		E2465654230DB56B00D06936 /* PBXContainerItemProxy */ = {
			isa = PBXContainerItemProxy;
			containerPortal = E2465634230DB56900D06936 /* Project object */;
			proxyType = 1;
			remoteGlobalIDString = E246563B230DB56900D06936;
			remoteInfo = SimpleTestGit;
		};
		E246565F230DB56B00D06936 /* PBXContainerItemProxy */ = {
			isa = PBXContainerItemProxy;
			containerPortal = E2465634230DB56900D06936 /* Project object */;
			proxyType = 1;
			remoteGlobalIDString = E246563B230DB56900D06936;
			remoteInfo = SimpleTestGit;
		};
/* End PBXContainerItemProxy section */

/* Begin PBXFileReference section */
		E246563C230DB56900D06936 /* SimpleTestGit.app */ = {isa = PBXFileReference; explicitFileType = wrapper.application; includeInIndex = 0; path = SimpleTestGit.app; sourceTree = BUILT_PRODUCTS_DIR; };
		E246563F230DB56900D06936 /* AppDelegate.swift */ = {isa = PBXFileReference; lastKnownFileType = sourcecode.swift; path = AppDelegate.swift; sourceTree = "<group>"; };
		E2465641230DB56A00D06936 /* ViewController.swift */ = {isa = PBXFileReference; lastKnownFileType = sourcecode.swift; path = ViewController.swift; sourceTree = "<group>"; };
		E2465644230DB56A00D06936 /* Base */ = {isa = PBXFileReference; lastKnownFileType = file.storyboard; name = Base; path = Base.lproj/Main.storyboard; sourceTree = "<group>"; };
		E2465647230DB56A00D06936 /* SimpleTestGit.xcdatamodel */ = {isa = PBXFileReference; lastKnownFileType = wrapper.xcdatamodel; path = SimpleTestGit.xcdatamodel; sourceTree = "<group>"; };
		E2465649230DB56B00D06936 /* Assets.xcassets */ = {isa = PBXFileReference; lastKnownFileType = folder.assetcatalog; path = Assets.xcassets; sourceTree = "<group>"; };
		E246564C230DB56B00D06936 /* Base */ = {isa = PBXFileReference; lastKnownFileType = file.storyboard; name = Base; path = Base.lproj/LaunchScreen.storyboard; sourceTree = "<group>"; };
		E246564E230DB56B00D06936 /* Info.plist */ = {isa = PBXFileReference; lastKnownFileType = text.plist.xml; path = Info.plist; sourceTree = "<group>"; };
		E2465653230DB56B00D06936 /* SimpleTestGitTests.xctest */ = {isa = PBXFileReference; explicitFileType = wrapper.cfbundle; includeInIndex = 0; path = SimpleTestGitTests.xctest; sourceTree = BUILT_PRODUCTS_DIR; };
		E2465657230DB56B00D06936 /* SimpleTestGitTests.swift */ = {isa = PBXFileReference; lastKnownFileType = sourcecode.swift; path = SimpleTestGitTests.swift; sourceTree = "<group>"; };
		E2465659230DB56B00D06936 /* Info.plist */ = {isa = PBXFileReference; lastKnownFileType = text.plist.xml; path = Info.plist; sourceTree = "<group>"; };
		E246565E230DB56B00D06936 /* SimpleTestGitUITests.xctest */ = {isa = PBXFileReference; explicitFileType = wrapper.cfbundle; includeInIndex = 0; path = SimpleTestGitUITests.xctest; sourceTree = BUILT_PRODUCTS_DIR; };
		E2465662230DB56B00D06936 /* SimpleTestGitUITests.swift */ = {isa = PBXFileReference; lastKnownFileType = sourcecode.swift; path = SimpleTestGitUITests.swift; sourceTree = "<group>"; };
		E2465664230DB56B00D06936 /* Info.plist */ = {isa = PBXFileReference; lastKnownFileType = text.plist.xml; path = Info.plist; sourceTree = "<group>"; };
/* End PBXFileReference section */

/* Begin PBXFrameworksBuildPhase section */
		E2465639230DB56900D06936 /* Frameworks */ = {
			isa = PBXFrameworksBuildPhase;
			buildActionMask = 2147483647;
			files = (
			);
			runOnlyForDeploymentPostprocessing = 0;
		};
		E2465650230DB56B00D06936 /* Frameworks */ = {
			isa = PBXFrameworksBuildPhase;
			buildActionMask = 2147483647;
			files = (
			);
			runOnlyForDeploymentPostprocessing = 0;
		};
		E246565B230DB56B00D06936 /* Frameworks */ = {
			isa = PBXFrameworksBuildPhase;
			buildActionMask = 2147483647;
			files = (
			);
			runOnlyForDeploymentPostprocessing = 0;
		};
/* End PBXFrameworksBuildPhase section */

/* Begin PBXGroup section */
		E2465633230DB56900D06936 = {
			isa = PBXGroup;
			children = (
				E246563E230DB56900D06936 /* SimpleTestGit */,
				E2465656230DB56B00D06936 /* SimpleTestGitTests */,
				E2465661230DB56B00D06936 /* SimpleTestGitUITests */,
				E246563D230DB56900D06936 /* Products */,
			);
			sourceTree = "<group>";
		};
		E246563D230DB56900D06936 /* Products */ = {
			isa = PBXGroup;
			children = (
				E246563C230DB56900D06936 /* SimpleTestGit.app */,
				E2465653230DB56B00D06936 /* SimpleTestGitTests.xctest */,
				E246565E230DB56B00D06936 /* SimpleTestGitUITests.xctest */,
			);
			name = Products;
			sourceTree = "<group>";
		};
		E246563E230DB56900D06936 /* SimpleTestGit */ = {
			isa = PBXGroup;
			children = (
				E246563F230DB56900D06936 /* AppDelegate.swift */,
				E2465641230DB56A00D06936 /* ViewController.swift */,
				E2465643230DB56A00D06936 /* Main.storyboard */,
				E2465649230DB56B00D06936 /* Assets.xcassets */,
				E246564B230DB56B00D06936 /* LaunchScreen.storyboard */,
				E246564E230DB56B00D06936 /* Info.plist */,
				E2465646230DB56A00D06936 /* SimpleTestGit.xcdatamodeld */,
			);
			path = SimpleTestGit;
			sourceTree = "<group>";
		};
		E2465656230DB56B00D06936 /* SimpleTestGitTests */ = {
			isa = PBXGroup;
			children = (
				E2465657230DB56B00D06936 /* SimpleTestGitTests.swift */,
				E2465659230DB56B00D06936 /* Info.plist */,
			);
			path = SimpleTestGitTests;
			sourceTree = "<group>";
		};
		E2465661230DB56B00D06936 /* SimpleTestGitUITests */ = {
			isa = PBXGroup;
			children = (
				E2465662230DB56B00D06936 /* SimpleTestGitUITests.swift */,
				E2465664230DB56B00D06936 /* Info.plist */,
			);
			path = SimpleTestGitUITests;
			sourceTree = "<group>";
		};
/* End PBXGroup section */

/* Begin PBXNativeTarget section */
		E246563B230DB56900D06936 /* SimpleTestGit */ = {
			isa = PBXNativeTarget;
			buildConfigurationList = E2465667230DB56B00D06936 /* Build configuration list for PBXNativeTarget "SimpleTestGit" */;
			buildPhases = (
				E2465638230DB56900D06936 /* Sources */,
				E2465639230DB56900D06936 /* Frameworks */,
				E246563A230DB56900D06936 /* Resources */,
			);
			buildRules = (
			);
			dependencies = (
			);
			name = SimpleTestGit;
			productName = SimpleTestGit;
			productReference = E246563C230DB56900D06936 /* SimpleTestGit.app */;
			productType = "com.apple.product-type.application";
		};
		E2465652230DB56B00D06936 /* SimpleTestGitTests */ = {
			isa = PBXNativeTarget;
			buildConfigurationList = E246566A230DB56B00D06936 /* Build configuration list for PBXNativeTarget "SimpleTestGitTests" */;
			buildPhases = (
				E246564F230DB56B00D06936 /* Sources */,
				E2465650230DB56B00D06936 /* Frameworks */,
				E2465651230DB56B00D06936 /* Resources */,
			);
			buildRules = (
			);
			dependencies = (
				E2465655230DB56B00D06936 /* PBXTargetDependency */,
			);
			name = SimpleTestGitTests;
			productName = SimpleTestGitTests;
			productReference = E2465653230DB56B00D06936 /* SimpleTestGitTests.xctest */;
			productType = "com.apple.product-type.bundle.unit-test";
		};
		E246565D230DB56B00D06936 /* SimpleTestGitUITests */ = {
			isa = PBXNativeTarget;
			buildConfigurationList = E246566D230DB56B00D06936 /* Build configuration list for PBXNativeTarget "SimpleTestGitUITests" */;
			buildPhases = (
				E246565A230DB56B00D06936 /* Sources */,
				E246565B230DB56B00D06936 /* Frameworks */,
				E246565C230DB56B00D06936 /* Resources */,
			);
			buildRules = (
			);
			dependencies = (
				E2465660230DB56B00D06936 /* PBXTargetDependency */,
			);
			name = SimpleTestGitUITests;
			productName = SimpleTestGitUITests;
			productReference = E246565E230DB56B00D06936 /* SimpleTestGitUITests.xctest */;
			productType = "com.apple.product-type.bundle.ui-testing";
		};
/* End PBXNativeTarget section */

/* Begin PBXProject section */
		E2465634230DB56900D06936 /* Project object */ = {
			isa = PBXProject;
			attributes = {
				LastSwiftUpdateCheck = 1020;
				LastUpgradeCheck = 1020;
				ORGANIZATIONNAME = ScriptBees;
				TargetAttributes = {
					E246563B230DB56900D06936 = {
						CreatedOnToolsVersion = 10.2.1;
					};
					E2465652230DB56B00D06936 = {
						CreatedOnToolsVersion = 10.2.1;
						TestTargetID = E246563B230DB56900D06936;
					};
					E246565D230DB56B00D06936 = {
						CreatedOnToolsVersion = 10.2.1;
						TestTargetID = E246563B230DB56900D06936;
					};
				};
			};
			buildConfigurationList = E2465637230DB56900D06936 /* Build configuration list for PBXProject "SimpleTestGit" */;
			compatibilityVersion = "Xcode 9.3";
			developmentRegion = en;
			hasScannedForEncodings = 0;
			knownRegions = (
				en,
				Base,
			);
			mainGroup = E2465633230DB56900D06936;
			productRefGroup = E246563D230DB56900D06936 /* Products */;
			projectDirPath = "";
			projectRoot = "";
			targets = (
				E246563B230DB56900D06936 /* SimpleTestGit */,
				E2465652230DB56B00D06936 /* SimpleTestGitTests */,
				E246565D230DB56B00D06936 /* SimpleTestGitUITests */,
			);
		};
/* End PBXProject section */

/* Begin PBXResourcesBuildPhase section */
		E246563A230DB56900D06936 /* Resources */ = {
			isa = PBXResourcesBuildPhase;
			buildActionMask = 2147483647;
			files = (
				E246564D230DB56B00D06936 /* LaunchScreen.storyboard in Resources */,
				E246564A230DB56B00D06936 /* Assets.xcassets in Resources */,
				E2465645230DB56A00D06936 /* Main.storyboard in Resources */,
			);
			runOnlyForDeploymentPostprocessing = 0;
		};
		E2465651230DB56B00D06936 /* Resources */ = {
			isa = PBXResourcesBuildPhase;
			buildActionMask = 2147483647;
			files = (
			);
			runOnlyForDeploymentPostprocessing = 0;
		};
		E246565C230DB56B00D06936 /* Resources */ = {
			isa = PBXResourcesBuildPhase;
			buildActionMask = 2147483647;
			files = (
			);
			runOnlyForDeploymentPostprocessing = 0;
		};
/* End PBXResourcesBuildPhase section */

/* Begin PBXSourcesBuildPhase section */
		E2465638230DB56900D06936 /* Sources */ = {
			isa = PBXSourcesBuildPhase;
			buildActionMask = 2147483647;
			files = (
				E2465642230DB56A00D06936 /* ViewController.swift in Sources */,
				E2465648230DB56A00D06936 /* SimpleTestGit.xcdatamodeld in Sources */,
				E2465640230DB56900D06936 /* AppDelegate.swift in Sources */,
			);
			runOnlyForDeploymentPostprocessing = 0;
		};
		E246564F230DB56B00D06936 /* Sources */ = {
			isa = PBXSourcesBuildPhase;
			buildActionMask = 2147483647;
			files = (
				E2465658230DB56B00D06936 /* SimpleTestGitTests.swift in Sources */,
			);
			runOnlyForDeploymentPostprocessing = 0;
		};
		E246565A230DB56B00D06936 /* Sources */ = {
			isa = PBXSourcesBuildPhase;
			buildActionMask = 2147483647;
			files = (
				E2465663230DB56B00D06936 /* SimpleTestGitUITests.swift in Sources */,
			);
			runOnlyForDeploymentPostprocessing = 0;
		};
/* End PBXSourcesBuildPhase section */

/* Begin PBXTargetDependency section */
		E2465655230DB56B00D06936 /* PBXTargetDependency */ = {
			isa = PBXTargetDependency;
			target = E246563B230DB56900D06936 /* SimpleTestGit */;
			targetProxy = E2465654230DB56B00D06936 /* PBXContainerItemProxy */;
		};
		E2465660230DB56B00D06936 /* PBXTargetDependency */ = {
			isa = PBXTargetDependency;
			target = E246563B230DB56900D06936 /* SimpleTestGit */;
			targetProxy = E246565F230DB56B00D06936 /* PBXContainerItemProxy */;
		};
/* End PBXTargetDependency section */

/* Begin PBXVariantGroup section */
		E2465643230DB56A00D06936 /* Main.storyboard */ = {
			isa = PBXVariantGroup;
			children = (
				E2465644230DB56A00D06936 /* Base */,
			);
			name = Main.storyboard;
			sourceTree = "<group>";
		};
		E246564B230DB56B00D06936 /* LaunchScreen.storyboard */ = {
			isa = PBXVariantGroup;
			children = (
				E246564C230DB56B00D06936 /* Base */,
			);
			name = LaunchScreen.storyboard;
			sourceTree = "<group>";
		};
/* End PBXVariantGroup section */

/* Begin XCBuildConfiguration section */
		E2465665230DB56B00D06936 /* Debug */ = {
			isa = XCBuildConfiguration;
			buildSettings = {
				ALWAYS_SEARCH_USER_PATHS = NO;
				CLANG_ANALYZER_NONNULL = YES;
				CLANG_ANALYZER_NUMBER_OBJECT_CONVERSION = YES_AGGRESSIVE;
				CLANG_CXX_LANGUAGE_STANDARD = "gnu++14";
				CLANG_CXX_LIBRARY = "libc++";
				CLANG_ENABLE_MODULES = YES;
				CLANG_ENABLE_OBJC_ARC = YES;
				CLANG_ENABLE_OBJC_WEAK = YES;
				CLANG_WARN_BLOCK_CAPTURE_AUTORELEASING = YES;
				CLANG_WARN_BOOL_CONVERSION = YES;
				CLANG_WARN_COMMA = YES;
				CLANG_WARN_CONSTANT_CONVERSION = YES;
				CLANG_WARN_DEPRECATED_OBJC_IMPLEMENTATIONS = YES;
				CLANG_WARN_DIRECT_OBJC_ISA_USAGE = YES_ERROR;
				CLANG_WARN_DOCUMENTATION_COMMENTS = YES;
				CLANG_WARN_EMPTY_BODY = YES;
				CLANG_WARN_ENUM_CONVERSION = YES;
				CLANG_WARN_INFINITE_RECURSION = YES;
				CLANG_WARN_INT_CONVERSION = YES;
				CLANG_WARN_NON_LITERAL_NULL_CONVERSION = YES;
				CLANG_WARN_OBJC_IMPLICIT_RETAIN_SELF = YES;
				CLANG_WARN_OBJC_LITERAL_CONVERSION = YES;
				CLANG_WARN_OBJC_ROOT_CLASS = YES_ERROR;
				CLANG_WARN_RANGE_LOOP_ANALYSIS = YES;
				CLANG_WARN_STRICT_PROTOTYPES = YES;
				CLANG_WARN_SUSPICIOUS_MOVE = YES;
				CLANG_WARN_UNGUARDED_AVAILABILITY = YES_AGGRESSIVE;
				CLANG_WARN_UNREACHABLE_CODE = YES;
				CLANG_WARN__DUPLICATE_METHOD_MATCH = YES;
				CODE_SIGN_IDENTITY = "iPhone Developer";
				COPY_PHASE_STRIP = NO;
				DEBUG_INFORMATION_FORMAT = dwarf;
				ENABLE_STRICT_OBJC_MSGSEND = YES;
				ENABLE_TESTABILITY = YES;
				GCC_C_LANGUAGE_STANDARD = gnu11;
				GCC_DYNAMIC_NO_PIC = NO;
				GCC_NO_COMMON_BLOCKS = YES;
				GCC_OPTIMIZATION_LEVEL = 0;
				GCC_PREPROCESSOR_DEFINITIONS = (
					"DEBUG=1",
					"$(inherited)",
				);
				GCC_WARN_64_TO_32_BIT_CONVERSION = YES;
				GCC_WARN_ABOUT_RETURN_TYPE = YES_ERROR;
				GCC_WARN_UNDECLARED_SELECTOR = YES;
				GCC_WARN_UNINITIALIZED_AUTOS = YES_AGGRESSIVE;
				GCC_WARN_UNUSED_FUNCTION = YES;
				GCC_WARN_UNUSED_VARIABLE = YES;
				IPHONEOS_DEPLOYMENT_TARGET = 11.0;
				MTL_ENABLE_DEBUG_INFO = INCLUDE_SOURCE;
				MTL_FAST_MATH = YES;
				ONLY_ACTIVE_ARCH = YES;
				SDKROOT = iphoneos;
				SWIFT_ACTIVE_COMPILATION_CONDITIONS = DEBUG;
				SWIFT_OPTIMIZATION_LEVEL = "-Onone";
			};
			name = Debug;
		};
		E2465666230DB56B00D06936 /* Release */ = {
			isa = XCBuildConfiguration;
			buildSettings = {
				ALWAYS_SEARCH_USER_PATHS = NO;
				CLANG_ANALYZER_NONNULL = YES;
				CLANG_ANALYZER_NUMBER_OBJECT_CONVERSION = YES_AGGRESSIVE;
				CLANG_CXX_LANGUAGE_STANDARD = "gnu++14";
				CLANG_CXX_LIBRARY = "libc++";
				CLANG_ENABLE_MODULES = YES;
				CLANG_ENABLE_OBJC_ARC = YES;
				CLANG_ENABLE_OBJC_WEAK = YES;
				CLANG_WARN_BLOCK_CAPTURE_AUTORELEASING = YES;
				CLANG_WARN_BOOL_CONVERSION = YES;
				CLANG_WARN_COMMA = YES;
				CLANG_WARN_CONSTANT_CONVERSION = YES;
				CLANG_WARN_DEPRECATED_OBJC_IMPLEMENTATIONS = YES;
				CLANG_WARN_DIRECT_OBJC_ISA_USAGE = YES_ERROR;
				CLANG_WARN_DOCUMENTATION_COMMENTS = YES;
				CLANG_WARN_EMPTY_BODY = YES;
				CLANG_WARN_ENUM_CONVERSION = YES;
				CLANG_WARN_INFINITE_RECURSION = YES;
				CLANG_WARN_INT_CONVERSION = YES;
				CLANG_WARN_NON_LITERAL_NULL_CONVERSION = YES;
				CLANG_WARN_OBJC_IMPLICIT_RETAIN_SELF = YES;
				CLANG_WARN_OBJC_LITERAL_CONVERSION = YES;
				CLANG_WARN_OBJC_ROOT_CLASS = YES_ERROR;
				CLANG_WARN_RANGE_LOOP_ANALYSIS = YES;
				CLANG_WARN_STRICT_PROTOTYPES = YES;
				CLANG_WARN_SUSPICIOUS_MOVE = YES;
				CLANG_WARN_UNGUARDED_AVAILABILITY = YES_AGGRESSIVE;
				CLANG_WARN_UNREACHABLE_CODE = YES;
				CLANG_WARN__DUPLICATE_METHOD_MATCH = YES;
				CODE_SIGN_IDENTITY = "iPhone Developer";
				COPY_PHASE_STRIP = NO;
				DEBUG_INFORMATION_FORMAT = "dwarf-with-dsym";
				ENABLE_NS_ASSERTIONS = NO;
				ENABLE_STRICT_OBJC_MSGSEND = YES;
				GCC_C_LANGUAGE_STANDARD = gnu11;
				GCC_NO_COMMON_BLOCKS = YES;
				GCC_WARN_64_TO_32_BIT_CONVERSION = YES;
				GCC_WARN_ABOUT_RETURN_TYPE = YES_ERROR;
				GCC_WARN_UNDECLARED_SELECTOR = YES;
				GCC_WARN_UNINITIALIZED_AUTOS = YES_AGGRESSIVE;
				GCC_WARN_UNUSED_FUNCTION = YES;
				GCC_WARN_UNUSED_VARIABLE = YES;
				IPHONEOS_DEPLOYMENT_TARGET = 11.0;
				MTL_ENABLE_DEBUG_INFO = NO;
				MTL_FAST_MATH = YES;
				SDKROOT = iphoneos;
				SWIFT_COMPILATION_MODE = wholemodule;
				SWIFT_OPTIMIZATION_LEVEL = "-O";
				VALIDATE_PRODUCT = YES;
			};
			name = Release;
		};
		E2465668230DB56B00D06936 /* Debug */ = {
			isa = XCBuildConfiguration;
			buildSettings = {
				ASSETCATALOG_COMPILER_APPICON_NAME = AppIcon;
				CODE_SIGN_IDENTITY = "iPhone Developer";
				CODE_SIGN_STYLE = Manual;
				DEVELOPMENT_TEAM = KGRX6TP52P;
				INFOPLIST_FILE = SimpleTestGit/Info.plist;
				LD_RUNPATH_SEARCH_PATHS = (
					"$(inherited)",
					"@executable_path/Frameworks",
				);
				PRODUCT_BUNDLE_IDENTIFIER = com.scriptBees.SimpleTestGit;
				PRODUCT_NAME = "$(TARGET_NAME)";
				PROVISIONING_PROFILE_SPECIFIER = SimpleTestGit;
				SWIFT_VERSION = 4.2;
				TARGETED_DEVICE_FAMILY = "1,2";
				VERSIONING_SYSTEM = "apple-generic";
			};
			name = Debug;
		};
		E2465669230DB56B00D06936 /* Release */ = {
			isa = XCBuildConfiguration;
			buildSettings = {
				ASSETCATALOG_COMPILER_APPICON_NAME = AppIcon;
				CODE_SIGN_IDENTITY = "iPhone Developer";
				CODE_SIGN_STYLE = Manual;
				DEVELOPMENT_TEAM = KGRX6TP52P;
				INFOPLIST_FILE = SimpleTestGit/Info.plist;
				LD_RUNPATH_SEARCH_PATHS = (
					"$(inherited)",
					"@executable_path/Frameworks",
				);
				PRODUCT_BUNDLE_IDENTIFIER = com.scriptBees.SimpleTestGit;
				PRODUCT_NAME = "$(TARGET_NAME)";
				PROVISIONING_PROFILE_SPECIFIER = SimpleTestGit;
				SWIFT_VERSION = 4.2;
				TARGETED_DEVICE_FAMILY = "1,2";
				VERSIONING_SYSTEM = "apple-generic";
			};
			name = Release;
		};
		E246566B230DB56B00D06936 /* Debug */ = {
			isa = XCBuildConfiguration;
			buildSettings = {
				ALWAYS_EMBED_SWIFT_STANDARD_LIBRARIES = YES;
				BUNDLE_LOADER = "$(TEST_HOST)";
				CODE_SIGN_STYLE = Automatic;
				DEVELOPMENT_TEAM = KGRX6TP52P;
				INFOPLIST_FILE = SimpleTestGitTests/Info.plist;
				LD_RUNPATH_SEARCH_PATHS = (
					"$(inherited)",
					"@executable_path/Frameworks",
					"@loader_path/Frameworks",
				);
				PRODUCT_BUNDLE_IDENTIFIER = scriptBees.SimpleTestGitTests;
				PRODUCT_NAME = "$(TARGET_NAME)";
				SWIFT_VERSION = 5.0;
				TARGETED_DEVICE_FAMILY = "1,2";
				TEST_HOST = "$(BUILT_PRODUCTS_DIR)/SimpleTestGit.app/SimpleTestGit";
			};
			name = Debug;
		};
		E246566C230DB56B00D06936 /* Release */ = {
			isa = XCBuildConfiguration;
			buildSettings = {
				ALWAYS_EMBED_SWIFT_STANDARD_LIBRARIES = YES;
				BUNDLE_LOADER = "$(TEST_HOST)";
				CODE_SIGN_STYLE = Automatic;
				DEVELOPMENT_TEAM = KGRX6TP52P;
				INFOPLIST_FILE = SimpleTestGitTests/Info.plist;
				LD_RUNPATH_SEARCH_PATHS = (
					"$(inherited)",
					"@executable_path/Frameworks",
					"@loader_path/Frameworks",
				);
				PRODUCT_BUNDLE_IDENTIFIER = scriptBees.SimpleTestGitTests;
				PRODUCT_NAME = "$(TARGET_NAME)";
				SWIFT_VERSION = 5.0;
				TARGETED_DEVICE_FAMILY = "1,2";
				TEST_HOST = "$(BUILT_PRODUCTS_DIR)/SimpleTestGit.app/SimpleTestGit";
			};
			name = Release;
		};
		E246566E230DB56B00D06936 /* Debug */ = {
			isa = XCBuildConfiguration;
			buildSettings = {
				ALWAYS_EMBED_SWIFT_STANDARD_LIBRARIES = YES;
				CODE_SIGN_STYLE = Automatic;
				DEVELOPMENT_TEAM = KGRX6TP52P;
				INFOPLIST_FILE = SimpleTestGitUITests/Info.plist;
				LD_RUNPATH_SEARCH_PATHS = (
					"$(inherited)",
					"@executable_path/Frameworks",
					"@loader_path/Frameworks",
				);
				PRODUCT_BUNDLE_IDENTIFIER = scriptBees.SimpleTestGitUITests;
				PRODUCT_NAME = "$(TARGET_NAME)";
				SWIFT_VERSION = 5.0;
				TARGETED_DEVICE_FAMILY = "1,2";
				TEST_TARGET_NAME = SimpleTestGit;
			};
			name = Debug;
		};
		E246566F230DB56B00D06936 /* Release */ = {
			isa = XCBuildConfiguration;
			buildSettings = {
				ALWAYS_EMBED_SWIFT_STANDARD_LIBRARIES = YES;
				CODE_SIGN_STYLE = Automatic;
				DEVELOPMENT_TEAM = KGRX6TP52P;
				INFOPLIST_FILE = SimpleTestGitUITests/Info.plist;
				LD_RUNPATH_SEARCH_PATHS = (
					"$(inherited)",
					"@executable_path/Frameworks",
					"@loader_path/Frameworks",
				);
				PRODUCT_BUNDLE_IDENTIFIER = scriptBees.SimpleTestGitUITests;
				PRODUCT_NAME = "$(TARGET_NAME)";
				SWIFT_VERSION = 5.0;
				TARGETED_DEVICE_FAMILY = "1,2";
				TEST_TARGET_NAME = SimpleTestGit;
			};
			name = Release;
		};
/* End XCBuildConfiguration section */

/* Begin XCConfigurationList section */
		E2465637230DB56900D06936 /* Build configuration list for PBXProject "SimpleTestGit" */ = {
			isa = XCConfigurationList;
			buildConfigurations = (
				E2465665230DB56B00D06936 /* Debug */,
				E2465666230DB56B00D06936 /* Release */,
			);
			defaultConfigurationIsVisible = 0;
			defaultConfigurationName = Release;
		};
		E2465667230DB56B00D06936 /* Build configuration list for PBXNativeTarget "SimpleTestGit" */ = {
			isa = XCConfigurationList;
			buildConfigurations = (
				E2465668230DB56B00D06936 /* Debug */,
				E2465669230DB56B00D06936 /* Release */,
			);
			defaultConfigurationIsVisible = 0;
			defaultConfigurationName = Release;
		};
		E246566A230DB56B00D06936 /* Build configuration list for PBXNativeTarget "SimpleTestGitTests" */ = {
			isa = XCConfigurationList;
			buildConfigurations = (
				E246566B230DB56B00D06936 /* Debug */,
				E246566C230DB56B00D06936 /* Release */,
			);
			defaultConfigurationIsVisible = 0;
			defaultConfigurationName = Release;
		};
		E246566D230DB56B00D06936 /* Build configuration list for PBXNativeTarget "SimpleTestGitUITests" */ = {
			isa = XCConfigurationList;
			buildConfigurations = (
				E246566E230DB56B00D06936 /* Debug */,
				E246566F230DB56B00D06936 /* Release */,
			);
			defaultConfigurationIsVisible = 0;
			defaultConfigurationName = Release;
		};
/* End XCConfigurationList section */

/* Begin XCVersionGroup section */
		E2465646230DB56A00D06936 /* SimpleTestGit.xcdatamodeld */ = {
			isa = XCVersionGroup;
			children = (
				E2465647230DB56A00D06936 /* SimpleTestGit.xcdatamodel */,
			);
			currentVersion = E2465647230DB56A00D06936 /* SimpleTestGit.xcdatamodel */;
			path = SimpleTestGit.xcdatamodeld;
			sourceTree = "<group>";
			versionGroupType = wrapper.xcdatamodel;
		};
/* End XCVersionGroup section */
	};
	rootObject = E2465634230DB56900D06936 /* Project object */;
}
